
Microsoft Visual Studio Solution File, Format Version 12.00
# Visual Studio Version 17
VisualStudioVersion = 17.5.33502.453
MinimumVisualStudioVersion = 10.0.40219.1
Project("{FAE04EC0-301F-11D3-BF4B-00C04F79EFBC}") = "APIJenkinsIntergration", "APIJenkinsIntergration\APIJenkinsIntergration.csproj", "{3BC71B15-47A2-4953-B39D-DC0765E99C95}"
EndProject
Global
	GlobalSection(SolutionConfigurationPlatforms) = preSolution
		Debug|Any CPU = Debug|Any CPU
		Release|Any CPU = Release|Any CPU
	EndGlobalSection
	GlobalSection(ProjectConfigurationPlatforms) = postSolution
		{3BC71B15-47A2-4953-B39D-DC0765E99C95}.Debug|Any CPU.ActiveCfg = Debug|Any CPU
		{3BC71B15-47A2-4953-B39D-DC0765E99C95}.Debug|Any CPU.Build.0 = Debug|Any CPU
		{3BC71B15-47A2-4953-B39D-DC0765E99C95}.Release|Any CPU.ActiveCfg = Release|Any CPU
		{3BC71B15-47A2-4953-B39D-DC0765E99C95}.Release|Any CPU.Build.0 = Release|Any CPU
	EndGlobalSection
	GlobalSection(SolutionProperties) = preSolution
		HideSolutionNode = FALSE
	EndGlobalSection
	GlobalSection(ExtensibilityGlobals) = postSolution
		SolutionGuid = {8F45AF55-4EBD-4AE4-BBBD-94B7BE4E4273}
	EndGlobalSection
EndGlobal
